
Microsoft Visual Studio Solution File, Format Version 12.00
# Visual Studio Version 17
VisualStudioVersion = 17.8.34309.116
MinimumVisualStudioVersion = 10.0.40219.1
Project("{FAE04EC0-301F-11D3-BF4B-00C04F79EFBC}") = "Globaltec.API", "Globaltec.API\Globaltec.API.csproj", "{03CF9417-86A4-4145-80F3-E4A976A1BD93}"
EndProject
Project("{FAE04EC0-301F-11D3-BF4B-00C04F79EFBC}") = "Globaltec.Servico", "Globaltec.Servico\Globaltec.Servico.csproj", "{3F835A76-A43F-4204-B337-B3A1F7FAF2AA}"
EndProject
Project("{FAE04EC0-301F-11D3-BF4B-00C04F79EFBC}") = "Globaltec.Domain", "Globaltec.Domain\Globaltec.Domain.csproj", "{C404E681-8CFC-420F-B671-260B93997B00}"
EndProject
Global
	GlobalSection(SolutionConfigurationPlatforms) = preSolution
		Debug|Any CPU = Debug|Any CPU
		Release|Any CPU = Release|Any CPU
	EndGlobalSection
	GlobalSection(ProjectConfigurationPlatforms) = postSolution
		{03CF9417-86A4-4145-80F3-E4A976A1BD93}.Debug|Any CPU.ActiveCfg = Debug|Any CPU
		{03CF9417-86A4-4145-80F3-E4A976A1BD93}.Debug|Any CPU.Build.0 = Debug|Any CPU
		{03CF9417-86A4-4145-80F3-E4A976A1BD93}.Release|Any CPU.ActiveCfg = Release|Any CPU
		{03CF9417-86A4-4145-80F3-E4A976A1BD93}.Release|Any CPU.Build.0 = Release|Any CPU
		{3F835A76-A43F-4204-B337-B3A1F7FAF2AA}.Debug|Any CPU.ActiveCfg = Debug|Any CPU
		{3F835A76-A43F-4204-B337-B3A1F7FAF2AA}.Debug|Any CPU.Build.0 = Debug|Any CPU
		{3F835A76-A43F-4204-B337-B3A1F7FAF2AA}.Release|Any CPU.ActiveCfg = Release|Any CPU
		{3F835A76-A43F-4204-B337-B3A1F7FAF2AA}.Release|Any CPU.Build.0 = Release|Any CPU
		{C404E681-8CFC-420F-B671-260B93997B00}.Debug|Any CPU.ActiveCfg = Debug|Any CPU
		{C404E681-8CFC-420F-B671-260B93997B00}.Debug|Any CPU.Build.0 = Debug|Any CPU
		{C404E681-8CFC-420F-B671-260B93997B00}.Release|Any CPU.ActiveCfg = Release|Any CPU
		{C404E681-8CFC-420F-B671-260B93997B00}.Release|Any CPU.Build.0 = Release|Any CPU
	EndGlobalSection
	GlobalSection(SolutionProperties) = preSolution
		HideSolutionNode = FALSE
	EndGlobalSection
	GlobalSection(ExtensibilityGlobals) = postSolution
		SolutionGuid = {1C34FA06-BCB6-4C1A-B752-0E33AB3A3139}
	EndGlobalSection
EndGlobal
